
Microsoft Visual Studio Solution File, Format Version 12.00
# Visual Studio Version 18
VisualStudioVersion = 18.5.11801.241 oobstable
MinimumVisualStudioVersion = 10.0.40219.1
Project("{FAE04EC0-301F-11D3-BF4B-00C04F79EFBC}") = "Prismforge", "Prismforge.csproj", "{8594EDB1-A6EC-2CC4-B230-78AF2001DF7F}"
EndProject
Global
	GlobalSection(SolutionConfigurationPlatforms) = preSolution
		Debug|Any CPU = Debug|Any CPU
		Release|Any CPU = Release|Any CPU
	EndGlobalSection
	GlobalSection(ProjectConfigurationPlatforms) = postSolution
		{8594EDB1-A6EC-2CC4-B230-78AF2001DF7F}.Debug|Any CPU.ActiveCfg = Debug|Any CPU
		{8594EDB1-A6EC-2CC4-B230-78AF2001DF7F}.Debug|Any CPU.Build.0 = Debug|Any CPU
		{8594EDB1-A6EC-2CC4-B230-78AF2001DF7F}.Release|Any CPU.ActiveCfg = Release|Any CPU
		{8594EDB1-A6EC-2CC4-B230-78AF2001DF7F}.Release|Any CPU.Build.0 = Release|Any CPU
	EndGlobalSection
	GlobalSection(SolutionProperties) = preSolution
		HideSolutionNode = FALSE
	EndGlobalSection
	GlobalSection(ExtensibilityGlobals) = postSolution
		SolutionGuid = {7769BE2E-AABB-4B41-8BE1-58662F24159E}
	EndGlobalSection
EndGlobal
